{
  "pins" : [
    {
      "identity" : "t5airsnappackage",
      "kind" : "remoteSourceControl",
      "location" : "https://github.com/truid-ai/T5AirSnapPackage",
      "state" : {
        "revision" : "d42794b99f44f940d3983fc182a20c50258099d2",
        "version" : "0.1.0"
      }
    }
  ],
  "version" : 2
}
